
Microsoft Visual Studio Solution File, Format Version 12.00
# Visual Studio Version 17
VisualStudioVersion = 17.9.34622.214
MinimumVisualStudioVersion = 10.0.40219.1
Project("{FAE04EC0-301F-11D3-BF4B-00C04F79EFBC}") = "WebCrawler", "WebCrawler.csproj", "{D16083C1-BF40-4915-83C2-3E4F7D89E438}"
EndProject
Global
	GlobalSection(SolutionConfigurationPlatforms) = preSolution
		Debug|Any CPU = Debug|Any CPU
		Release|Any CPU = Release|Any CPU
	EndGlobalSection
	GlobalSection(ProjectConfigurationPlatforms) = postSolution
		{D16083C1-BF40-4915-83C2-3E4F7D89E438}.Debug|Any CPU.ActiveCfg = Debug|Any CPU
		{D16083C1-BF40-4915-83C2-3E4F7D89E438}.Debug|Any CPU.Build.0 = Debug|Any CPU
		{D16083C1-BF40-4915-83C2-3E4F7D89E438}.Release|Any CPU.ActiveCfg = Release|Any CPU
		{D16083C1-BF40-4915-83C2-3E4F7D89E438}.Release|Any CPU.Build.0 = Release|Any CPU
	EndGlobalSection
	GlobalSection(SolutionProperties) = preSolution
		HideSolutionNode = FALSE
	EndGlobalSection
	GlobalSection(ExtensibilityGlobals) = postSolution
		SolutionGuid = {3550578D-CD35-47D7-BBD2-96DA51472DEA}
	EndGlobalSection
EndGlobal
